
Microsoft Visual Studio Solution File, Format Version 12.00
# Visual Studio Version 16
VisualStudioVersion = 16.0.32228.343
MinimumVisualStudioVersion = 10.0.40219.1
Project("{9A19103F-16F7-4668-BE54-9A1E7A4F7556}") = "ElJugonSAS", "ElJugonSAS.csproj", "{0C235C75-F090-47C4-A08E-3726F4B8A768}"
EndProject
Project("{9A19103F-16F7-4668-BE54-9A1E7A4F7556}") = "Pruebas Unitarias", "..\Pruebas Unitarias\Pruebas Unitarias.csproj", "{81A79C47-5AB6-4AB9-BEA7-0EF0A5BBF38D}"
EndProject
Global
	GlobalSection(SolutionConfigurationPlatforms) = preSolution
		Debug|Any CPU = Debug|Any CPU
		Release|Any CPU = Release|Any CPU
	EndGlobalSection
	GlobalSection(ProjectConfigurationPlatforms) = postSolution
		{0C235C75-F090-47C4-A08E-3726F4B8A768}.Debug|Any CPU.ActiveCfg = Debug|Any CPU
		{0C235C75-F090-47C4-A08E-3726F4B8A768}.Debug|Any CPU.Build.0 = Debug|Any CPU
		{0C235C75-F090-47C4-A08E-3726F4B8A768}.Release|Any CPU.ActiveCfg = Release|Any CPU
		{0C235C75-F090-47C4-A08E-3726F4B8A768}.Release|Any CPU.Build.0 = Release|Any CPU
		{81A79C47-5AB6-4AB9-BEA7-0EF0A5BBF38D}.Debug|Any CPU.ActiveCfg = Debug|Any CPU
		{81A79C47-5AB6-4AB9-BEA7-0EF0A5BBF38D}.Debug|Any CPU.Build.0 = Debug|Any CPU
		{81A79C47-5AB6-4AB9-BEA7-0EF0A5BBF38D}.Release|Any CPU.ActiveCfg = Release|Any CPU
		{81A79C47-5AB6-4AB9-BEA7-0EF0A5BBF38D}.Release|Any CPU.Build.0 = Release|Any CPU
	EndGlobalSection
	GlobalSection(SolutionProperties) = preSolution
		HideSolutionNode = FALSE
	EndGlobalSection
	GlobalSection(ExtensibilityGlobals) = postSolution
		SolutionGuid = {3CB76CF8-DF95-49A9-871C-35A560C7A183}
	EndGlobalSection
EndGlobal
